
Microsoft Visual Studio Solution File, Format Version 12.00
# Visual Studio Version 17
VisualStudioVersion = 17.3.32901.215
MinimumVisualStudioVersion = 10.0.40219.1
Project("{FAE04EC0-301F-11D3-BF4B-00C04F79EFBC}") = "for orenk1-777", "for orenk1-777\for orenk1-777.csproj", "{41C3353A-B472-4325-B50A-603D5C52D0DD}"
EndProject
Global
	GlobalSection(SolutionConfigurationPlatforms) = preSolution
		Debug|Any CPU = Debug|Any CPU
		Release|Any CPU = Release|Any CPU
	EndGlobalSection
	GlobalSection(ProjectConfigurationPlatforms) = postSolution
		{41C3353A-B472-4325-B50A-603D5C52D0DD}.Debug|Any CPU.ActiveCfg = Debug|Any CPU
		{41C3353A-B472-4325-B50A-603D5C52D0DD}.Debug|Any CPU.Build.0 = Debug|Any CPU
		{41C3353A-B472-4325-B50A-603D5C52D0DD}.Release|Any CPU.ActiveCfg = Release|Any CPU
		{41C3353A-B472-4325-B50A-603D5C52D0DD}.Release|Any CPU.Build.0 = Release|Any CPU
	EndGlobalSection
	GlobalSection(SolutionProperties) = preSolution
		HideSolutionNode = FALSE
	EndGlobalSection
	GlobalSection(ExtensibilityGlobals) = postSolution
		SolutionGuid = {F80E6E0B-60CA-4338-BACB-4AE8EDC71C41}
	EndGlobalSection
EndGlobal
