
Microsoft Visual Studio Solution File, Format Version 12.00
# Visual Studio Version 17
VisualStudioVersion = 17.3.32901.215
MinimumVisualStudioVersion = 10.0.40219.1
Project("{FAE04EC0-301F-11D3-BF4B-00C04F79EFBC}") = "25 ve 75 arasındaki sayılar-777", "25 ve 75 arasındaki sayılar-777\25 ve 75 arasındaki sayılar-777.csproj", "{B176B708-ED96-4A1F-BC3E-5828691B2338}"
EndProject
Global
	GlobalSection(SolutionConfigurationPlatforms) = preSolution
		Debug|Any CPU = Debug|Any CPU
		Release|Any CPU = Release|Any CPU
	EndGlobalSection
	GlobalSection(ProjectConfigurationPlatforms) = postSolution
		{B176B708-ED96-4A1F-BC3E-5828691B2338}.Debug|Any CPU.ActiveCfg = Debug|Any CPU
		{B176B708-ED96-4A1F-BC3E-5828691B2338}.Debug|Any CPU.Build.0 = Debug|Any CPU
		{B176B708-ED96-4A1F-BC3E-5828691B2338}.Release|Any CPU.ActiveCfg = Release|Any CPU
		{B176B708-ED96-4A1F-BC3E-5828691B2338}.Release|Any CPU.Build.0 = Release|Any CPU
	EndGlobalSection
	GlobalSection(SolutionProperties) = preSolution
		HideSolutionNode = FALSE
	EndGlobalSection
	GlobalSection(ExtensibilityGlobals) = postSolution
		SolutionGuid = {9F36FAE9-82F5-46A4-8654-1894AB1FE303}
	EndGlobalSection
EndGlobal
